{
  "name": "HelpOps-Hub",
  "lockfileVersion": 3,
  "requires": true,
  "packages": {
    "": {
      "dependencies": {
        "@splidejs/react-splide": "^0.7.12"
      }
    },
    "node_modules/@splidejs/react-splide": {
      "version": "0.7.12",
      "resolved": "https://registry.npmjs.org/@splidejs/react-splide/-/react-splide-0.7.12.tgz",
      "integrity": "sha512-UfXH+j47jsMc4x5HA/aOwuuHPqn6y9+ZTNYPWDRD8iLKvIVMZlzq2unjUEvyDAU+TTVPZOXkG2Ojeoz0P4AkZw==",
      "dependencies": {
        "@splidejs/splide": "^4.1.3"
      }
    },
    "node_modules/@splidejs/splide": {
      "version": "4.1.4",
      "resolved": "https://registry.npmjs.org/@splidejs/splide/-/splide-4.1.4.tgz",
      "integrity": "sha512-5I30evTJcAJQXt6vJ26g2xEkG+l1nXcpEw4xpKh0/FWQ8ozmAeTbtniVtVmz2sH1Es3vgfC4SS8B2X4o5JMptA=="
    }
  }
}
